
Microsoft Visual Studio Solution File, Format Version 12.00
# Visual Studio 15
VisualStudioVersion = 15.0.36324.19
MinimumVisualStudioVersion = 10.0.40219.1
Project("{FAE04EC0-301F-11D3-BF4B-00C04F79EFBC}") = "VectorLabWinForms", "VectorLabWinForms\VectorLabWinForms.csproj", "{D93F84D9-BAC6-4179-B8FF-67A4B18C6FFB}"
EndProject
Global
	GlobalSection(SolutionConfigurationPlatforms) = preSolution
		Debug|Any CPU = Debug|Any CPU
		Release|Any CPU = Release|Any CPU
	EndGlobalSection
	GlobalSection(ProjectConfigurationPlatforms) = postSolution
		{D93F84D9-BAC6-4179-B8FF-67A4B18C6FFB}.Debug|Any CPU.ActiveCfg = Debug|Any CPU
		{D93F84D9-BAC6-4179-B8FF-67A4B18C6FFB}.Debug|Any CPU.Build.0 = Debug|Any CPU
		{D93F84D9-BAC6-4179-B8FF-67A4B18C6FFB}.Release|Any CPU.ActiveCfg = Release|Any CPU
		{D93F84D9-BAC6-4179-B8FF-67A4B18C6FFB}.Release|Any CPU.Build.0 = Release|Any CPU
	EndGlobalSection
	GlobalSection(SolutionProperties) = preSolution
		HideSolutionNode = FALSE
	EndGlobalSection
	GlobalSection(ExtensibilityGlobals) = postSolution
		SolutionGuid = {1B82F4DE-CC73-404C-8258-F8BE4DD48786}
	EndGlobalSection
EndGlobal
